
Microsoft Visual Studio Solution File, Format Version 12.00
# Visual Studio 15
VisualStudioVersion = 15.0.26430.12
MinimumVisualStudioVersion = 10.0.40219.1
Project("{FAE04EC0-301F-11D3-BF4B-00C04F79EFBC}") = "Moments", "Moments\Moments.csproj", "{746FB6E8-9FB9-4402-B2E1-CB5A8CC21EF3}"
EndProject
Global
	GlobalSection(SolutionConfigurationPlatforms) = preSolution
		Debug|Any CPU = Debug|Any CPU
		Release|Any CPU = Release|Any CPU
	EndGlobalSection
	GlobalSection(ProjectConfigurationPlatforms) = postSolution
		{746FB6E8-9FB9-4402-B2E1-CB5A8CC21EF3}.Debug|Any CPU.ActiveCfg = Debug|Any CPU
		{746FB6E8-9FB9-4402-B2E1-CB5A8CC21EF3}.Debug|Any CPU.Build.0 = Debug|Any CPU
		{746FB6E8-9FB9-4402-B2E1-CB5A8CC21EF3}.Release|Any CPU.ActiveCfg = Release|Any CPU
		{746FB6E8-9FB9-4402-B2E1-CB5A8CC21EF3}.Release|Any CPU.Build.0 = Release|Any CPU
	EndGlobalSection
	GlobalSection(SolutionProperties) = preSolution
		HideSolutionNode = FALSE
	EndGlobalSection
EndGlobal
